
Microsoft Visual Studio Solution File, Format Version 12.00
# Visual Studio 15
VisualStudioVersion = 15.0.26730.16
MinimumVisualStudioVersion = 10.0.40219.1
Project("{8BC9CEB8-8B4A-11D0-8D11-00A0C91BC942}") = "UniMOTU", "UniMOTU\UniMOTU.vcxproj", "{D2BE8EE4-2CEE-4324-A0E3-7FE787B820B7}"
EndProject
Global
	GlobalSection(SolutionConfigurationPlatforms) = preSolution
		Debug|x64 = Debug|x64
		Debug|x86 = Debug|x86
		Release|x64 = Release|x64
		Release|x86 = Release|x86
	EndGlobalSection
	GlobalSection(ProjectConfigurationPlatforms) = postSolution
		{D2BE8EE4-2CEE-4324-A0E3-7FE787B820B7}.Debug|x64.ActiveCfg = Debug|x64
		{D2BE8EE4-2CEE-4324-A0E3-7FE787B820B7}.Debug|x64.Build.0 = Debug|x64
		{D2BE8EE4-2CEE-4324-A0E3-7FE787B820B7}.Debug|x86.ActiveCfg = Debug|Win32
		{D2BE8EE4-2CEE-4324-A0E3-7FE787B820B7}.Debug|x86.Build.0 = Debug|Win32
		{D2BE8EE4-2CEE-4324-A0E3-7FE787B820B7}.Release|x64.ActiveCfg = Release|x64
		{D2BE8EE4-2CEE-4324-A0E3-7FE787B820B7}.Release|x64.Build.0 = Release|x64
		{D2BE8EE4-2CEE-4324-A0E3-7FE787B820B7}.Release|x86.ActiveCfg = Release|Win32
		{D2BE8EE4-2CEE-4324-A0E3-7FE787B820B7}.Release|x86.Build.0 = Release|Win32
	EndGlobalSection
	GlobalSection(SolutionProperties) = preSolution
		HideSolutionNode = FALSE
	EndGlobalSection
	GlobalSection(ExtensibilityGlobals) = postSolution
		SolutionGuid = {B57EB3FB-1FB5-4A13-9C6D-E16231E6FD5B}
	EndGlobalSection
EndGlobal
